
Microsoft Visual Studio Solution File, Format Version 12.00
# Visual Studio Version 17
VisualStudioVersion = 17.14.36930.0
MinimumVisualStudioVersion = 10.0.40219.1
Project("{FAE04EC0-301F-11D3-BF4B-00C04F79EFBC}") = "WordWave.Api", "WordWave.Api.csproj", "{9DC423B3-9DA5-8AD6-3A0E-E2E26B98DC6C}"
EndProject
Project("{FAE04EC0-301F-11D3-BF4B-00C04F79EFBC}") = "WordWave.Application", "..\WordWave.Application\WordWave.Application.csproj", "{C1378F99-CF43-4330-B36E-E4F8335E1098}"
EndProject
Global
	GlobalSection(SolutionConfigurationPlatforms) = preSolution
		Debug|Any CPU = Debug|Any CPU
		Release|Any CPU = Release|Any CPU
	EndGlobalSection
	GlobalSection(ProjectConfigurationPlatforms) = postSolution
		{9DC423B3-9DA5-8AD6-3A0E-E2E26B98DC6C}.Debug|Any CPU.ActiveCfg = Debug|Any CPU
		{9DC423B3-9DA5-8AD6-3A0E-E2E26B98DC6C}.Debug|Any CPU.Build.0 = Debug|Any CPU
		{9DC423B3-9DA5-8AD6-3A0E-E2E26B98DC6C}.Release|Any CPU.ActiveCfg = Release|Any CPU
		{9DC423B3-9DA5-8AD6-3A0E-E2E26B98DC6C}.Release|Any CPU.Build.0 = Release|Any CPU
		{C1378F99-CF43-4330-B36E-E4F8335E1098}.Debug|Any CPU.ActiveCfg = Debug|Any CPU
		{C1378F99-CF43-4330-B36E-E4F8335E1098}.Debug|Any CPU.Build.0 = Debug|Any CPU
		{C1378F99-CF43-4330-B36E-E4F8335E1098}.Release|Any CPU.ActiveCfg = Release|Any CPU
		{C1378F99-CF43-4330-B36E-E4F8335E1098}.Release|Any CPU.Build.0 = Release|Any CPU
	EndGlobalSection
	GlobalSection(SolutionProperties) = preSolution
		HideSolutionNode = FALSE
	EndGlobalSection
	GlobalSection(ExtensibilityGlobals) = postSolution
		SolutionGuid = {986B8625-FFA2-4E2D-8C43-F2018C3C8269}
	EndGlobalSection
EndGlobal
